github.com/bep/gallerydeluxe_starter v0.0.0-20221107164209-385ac3b706df h1:dublYQedMsn8L7qO1oY27rW80PXtOUGYyjZIrS3W19E=
github.com/bep/gallerydeluxe_starter v0.0.0-20221107164209-385ac3b706df/go.mod h1:Nrtm45JsdYaVpiqjGNpiED+EzShbisGb1uEh+9MfYE8=
github.com/bep/gallerydeluxe_starter v0.0.0-20230920153932-f3090f96b66b h1:dObVWoz3+9/nvpQ5TEUcVEIbg+49KHftmXzu//2fWGQ=
github.com/bep/gallerydeluxe_starter v0.0.0-20230920153932-f3090f96b66b/go.mod h1:Wx0L2/N2m8fS3rziG0kwbcdgYdI+gzZt4OiF73gqdCs=
